# This file is automatically @generated by Cargo.
# It is not intended for manual editing.
[[package]]
name = "anyhow"
version = "1.0.20"
source = "registry+https://github.com/rust-lang/crates.io-index"
checksum = "768155103fe6b9bf51090758e0657aa34dde4f6618f32ba1c3e45be3b29a0709"

[[package]]
name = "arrayvec"
version = "0.5.1"
source = "registry+https://github.com/rust-lang/crates.io-index"
checksum = "cff77d8686867eceff3105329d4698d96c2391c176d5d03adc90c7389162b5b8"

[[package]]
name = "autocfg"
version = "0.1.7"
source = "registry+https://github.com/rust-lang/crates.io-index"
checksum = "1d49d90015b3c36167a20fe2810c5cd875ad504b39cff3d4eae7977e6b7c1cb2"

[[package]]
name = "backtrace"
version = "0.3.40"
source = "registry+https://github.com/rust-lang/crates.io-index"
checksum = "924c76597f0d9ca25d762c25a4d369d51267536465dc5064bdf0eb073ed477ea"
dependencies = [
 "backtrace-sys",
 "cfg-if",
 "libc",
 "rustc-demangle",
]

[[package]]
name = "backtrace-sys"
version = "0.1.32"
source = "registry+https://github.com/rust-lang/crates.io-index"
checksum = "5d6575f128516de27e3ce99689419835fce9643a9b215a14d2b5b685be018491"
dependencies = [
 "cc",
 "libc",
]

[[package]]
name = "bit-set"
version = "0.5.1"
source = "registry+https://github.com/rust-lang/crates.io-index"
checksum = "e84c238982c4b1e1ee668d136c510c67a13465279c0cb367ea6baf6310620a80"
dependencies = [
 "bit-vec",
]

[[package]]
name = "bit-vec"
version = "0.5.1"
source = "registry+https://github.com/rust-lang/crates.io-index"
checksum = "f59bbe95d4e52a6398ec21238d31577f2b28a9d86807f06ca59d191d8440d0bb"

[[package]]
name = "bitflags"
version = "1.2.1"
source = "registry+https://github.com/rust-lang/crates.io-index"
checksum = "cf1de2fe8c75bc145a2f577add951f8134889b4795d47466a54a5c846d691693"

[[package]]
name = "bumpalo"
version = "2.6.0"
source = "registry+https://github.com/rust-lang/crates.io-index"
checksum = "ad807f2fc2bf185eeb98ff3a901bd46dc5ad58163d0fa4577ba0d25674d71708"

[[package]]
name = "byteorder"
version = "1.3.2"
source = "registry+https://github.com/rust-lang/crates.io-index"
checksum = "a7c3dd8985a7111efc5c80b44e23ecdd8c007de8ade3b96595387e812b957cf5"

[[package]]
name = "c2-chacha"
version = "0.2.3"
source = "registry+https://github.com/rust-lang/crates.io-index"
checksum = "214238caa1bf3a496ec3392968969cab8549f96ff30652c9e56885329315f6bb"
dependencies = [
 "ppv-lite86",
]

[[package]]
name = "cc"
version = "1.0.47"
source = "registry+https://github.com/rust-lang/crates.io-index"
checksum = "aa87058dce70a3ff5621797f1506cb837edd02ac4c0ae642b4542dce802908b8"

[[package]]
name = "cfg-if"
version = "0.1.10"
source = "registry+https://github.com/rust-lang/crates.io-index"
checksum = "4785bdd1c96b2a846b2bd7cc02e86b6b3dbf14e7e53446c4f54c92a361040822"

[[package]]
name = "chalk-derive"
version = "0.1.0"
source = "git+https://github.com/rust-lang/chalk.git?rev=a88cad7f0a69e05ba8f40b74c58a1c229c1b2478#a88cad7f0a69e05ba8f40b74c58a1c229c1b2478"
dependencies = [
 "proc-macro2",
 "quote",
 "syn",
]

[[package]]
name = "chalk-engine"
version = "0.9.0"
source = "git+https://github.com/rust-lang/chalk.git?rev=a88cad7f0a69e05ba8f40b74c58a1c229c1b2478#a88cad7f0a69e05ba8f40b74c58a1c229c1b2478"
dependencies = [
 "chalk-macros",
 "rustc-hash",
 "stacker",
]

[[package]]
name = "chalk-ir"
version = "0.1.0"
source = "git+https://github.com/rust-lang/chalk.git?rev=a88cad7f0a69e05ba8f40b74c58a1c229c1b2478#a88cad7f0a69e05ba8f40b74c58a1c229c1b2478"
dependencies = [
 "chalk-derive",
 "chalk-engine",
 "chalk-macros",
 "lalrpop-intern",
]

[[package]]
name = "chalk-macros"
version = "0.1.1"
source = "git+https://github.com/rust-lang/chalk.git?rev=a88cad7f0a69e05ba8f40b74c58a1c229c1b2478#a88cad7f0a69e05ba8f40b74c58a1c229c1b2478"
dependencies = [
 "lazy_static",
]

[[package]]
name = "chalk-rust-ir"
version = "0.1.0"
source = "git+https://github.com/rust-lang/chalk.git?rev=a88cad7f0a69e05ba8f40b74c58a1c229c1b2478#a88cad7f0a69e05ba8f40b74c58a1c229c1b2478"
dependencies = [
 "chalk-derive",
 "chalk-engine",
 "chalk-ir",
 "chalk-macros",
]

[[package]]
name = "chalk-solve"
version = "0.1.0"
source = "git+https://github.com/rust-lang/chalk.git?rev=a88cad7f0a69e05ba8f40b74c58a1c229c1b2478#a88cad7f0a69e05ba8f40b74c58a1c229c1b2478"
dependencies = [
 "chalk-derive",
 "chalk-engine",
 "chalk-ir",
 "chalk-macros",
 "chalk-rust-ir",
 "ena",
 "itertools",
 "petgraph",
 "rustc-hash",
]

[[package]]
name = "cloudabi"
version = "0.0.3"
source = "registry+https://github.com/rust-lang/crates.io-index"
checksum = "ddfc5b9aa5d4507acaf872de71051dfd0e309860e88966e1051e462a077aac4f"
dependencies = [
 "bitflags",
]

[[package]]
name = "console_error_panic_hook"
version = "0.1.6"
source = "registry+https://github.com/rust-lang/crates.io-index"
checksum = "b8d976903543e0c48546a91908f21588a680a8c8f984df9a5d69feccb2b2a211"
dependencies = [
 "cfg-if",
 "wasm-bindgen",
]

[[package]]
name = "console_log"
version = "0.1.2"
source = "registry+https://github.com/rust-lang/crates.io-index"
checksum = "1e7871d2947441b0fdd8e2bd1ce2a2f75304f896582c0d572162d48290683c48"
dependencies = [
 "log",
 "web-sys",
]

[[package]]
name = "crossbeam"
version = "0.7.3"
source = "registry+https://github.com/rust-lang/crates.io-index"
checksum = "69323bff1fb41c635347b8ead484a5ca6c3f11914d784170b158d8449ab07f8e"
dependencies = [
 "cfg-if",
 "crossbeam-channel",
 "crossbeam-deque",
 "crossbeam-epoch",
 "crossbeam-queue 0.2.0",
 "crossbeam-utils 0.7.0",
]

[[package]]
name = "crossbeam-channel"
version = "0.4.0"
source = "registry+https://github.com/rust-lang/crates.io-index"
checksum = "acec9a3b0b3559f15aee4f90746c4e5e293b701c0f7d3925d24e01645267b68c"
dependencies = [
 "crossbeam-utils 0.7.0",
]

[[package]]
name = "crossbeam-deque"
version = "0.7.2"
source = "registry+https://github.com/rust-lang/crates.io-index"
checksum = "c3aa945d63861bfe624b55d153a39684da1e8c0bc8fba932f7ee3a3c16cea3ca"
dependencies = [
 "crossbeam-epoch",
 "crossbeam-utils 0.7.0",
]

[[package]]
name = "crossbeam-epoch"
version = "0.8.0"
source = "registry+https://github.com/rust-lang/crates.io-index"
checksum = "5064ebdbf05ce3cb95e45c8b086f72263f4166b29b97f6baff7ef7fe047b55ac"
dependencies = [
 "autocfg",
 "cfg-if",
 "crossbeam-utils 0.7.0",
 "lazy_static",
 "memoffset",
 "scopeguard",
]

[[package]]
name = "crossbeam-queue"
version = "0.1.2"
source = "registry+https://github.com/rust-lang/crates.io-index"
checksum = "7c979cd6cfe72335896575c6b5688da489e420d36a27a0b9eb0c73db574b4a4b"
dependencies = [
 "crossbeam-utils 0.6.6",
]

[[package]]
name = "crossbeam-queue"
version = "0.2.0"
source = "registry+https://github.com/rust-lang/crates.io-index"
checksum = "dfd6515864a82d2f877b42813d4553292c6659498c9a2aa31bab5a15243c2700"
dependencies = [
 "crossbeam-utils 0.7.0",
]

[[package]]
name = "crossbeam-utils"
version = "0.6.6"
source = "registry+https://github.com/rust-lang/crates.io-index"
checksum = "04973fa96e96579258a5091af6003abde64af786b860f18622b82e026cca60e6"
dependencies = [
 "cfg-if",
 "lazy_static",
]

[[package]]
name = "crossbeam-utils"
version = "0.7.0"
source = "registry+https://github.com/rust-lang/crates.io-index"
checksum = "ce446db02cdc3165b94ae73111e570793400d0794e46125cc4056c81cbb039f4"
dependencies = [
 "autocfg",
 "cfg-if",
 "lazy_static",
]

[[package]]
name = "derive-new"
version = "0.5.8"
source = "registry+https://github.com/rust-lang/crates.io-index"
checksum = "71f31892cd5c62e414316f2963c5689242c43d8e7bbcaaeca97e5e28c95d91d9"
dependencies = [
 "proc-macro2",
 "quote",
 "syn",
]

[[package]]
name = "difference"
version = "2.0.0"
source = "registry+https://github.com/rust-lang/crates.io-index"
checksum = "524cbf6897b527295dff137cec09ecf3a05f4fddffd7dfcd1585403449e74198"

[[package]]
name = "drop_bomb"
version = "0.1.4"
source = "registry+https://github.com/rust-lang/crates.io-index"
checksum = "69b26e475fd29098530e709294e94e661974c851aed42512793f120fed4e199f"

[[package]]
name = "either"
version = "1.5.3"
source = "registry+https://github.com/rust-lang/crates.io-index"
checksum = "bb1f6b1ce1c140482ea30ddd3335fc0024ac7ee112895426e0a629a6c20adfe3"

[[package]]
name = "ena"
version = "0.13.1"
source = "registry+https://github.com/rust-lang/crates.io-index"
checksum = "8944dc8fa28ce4a38f778bd46bf7d923fe73eed5a439398507246c8e017e6f36"
dependencies = [
 "log",
]

[[package]]
name = "fixedbitset"
version = "0.1.9"
source = "registry+https://github.com/rust-lang/crates.io-index"
checksum = "86d4de0081402f5e88cdac65c8dcdcc73118c1a7a465e2a05f0da05843a8ea33"

[[package]]
name = "fnv"
version = "1.0.6"
source = "registry+https://github.com/rust-lang/crates.io-index"
checksum = "2fad85553e09a6f881f739c29f0b00b0f01357c743266d478b68951ce23285f3"

[[package]]
name = "format-buf"
version = "1.0.0"
source = "registry+https://github.com/rust-lang/crates.io-index"
checksum = "f7aea5a5909a74969507051a3b17adc84737e31a5f910559892aedce026f4d53"

[[package]]
name = "fst"
version = "0.3.5"
source = "registry+https://github.com/rust-lang/crates.io-index"
checksum = "927fb434ff9f0115b215dc0efd2e4fbdd7448522a92a1aa37c77d6a2f8f1ebd6"
dependencies = [
 "byteorder",
]

[[package]]
name = "fuchsia-cprng"
version = "0.1.1"
source = "registry+https://github.com/rust-lang/crates.io-index"
checksum = "a06f77d526c1a601b7c4cdd98f54b5eaabffc14d5f2f0296febdc7f357c6d3ba"

[[package]]
name = "getrandom"
version = "0.1.13"
source = "registry+https://github.com/rust-lang/crates.io-index"
checksum = "e7db7ca94ed4cd01190ceee0d8a8052f08a247aa1b469a7f68c6a3b71afcf407"
dependencies = [
 "cfg-if",
 "libc",
 "wasi",
]

[[package]]
name = "heck"
version = "0.3.1"
source = "registry+https://github.com/rust-lang/crates.io-index"
checksum = "20564e78d53d2bb135c343b3f47714a56af2061f1c928fdb541dc7b9fdd94205"
dependencies = [
 "unicode-segmentation",
]

[[package]]
name = "hermit-abi"
version = "0.1.3"
source = "registry+https://github.com/rust-lang/crates.io-index"
checksum = "307c3c9f937f38e3534b1d6447ecf090cafcc9744e4a6360e8b037b2cf5af120"
dependencies = [
 "libc",
]

[[package]]
name = "indexmap"
version = "1.3.0"
source = "registry+https://github.com/rust-lang/crates.io-index"
checksum = "712d7b3ea5827fcb9d4fda14bf4da5f136f0db2ae9c8f4bd4e2d1c6fde4e6db2"
dependencies = [
 "autocfg",
]

[[package]]
name = "itertools"
version = "0.8.1"
source = "registry+https://github.com/rust-lang/crates.io-index"
checksum = "87fa75c9dea7b07be3138c49abbb83fd4bea199b5cdc76f9804458edc5da0d6e"
dependencies = [
 "either",
]

[[package]]
name = "itoa"
version = "0.4.4"
source = "registry+https://github.com/rust-lang/crates.io-index"
checksum = "501266b7edd0174f8530248f87f99c88fbe60ca4ef3dd486835b8d8d53136f7f"

[[package]]
name = "join_to_string"
version = "0.1.3"
source = "registry+https://github.com/rust-lang/crates.io-index"
checksum = "4dc7a5290e8c2606ce2be49f456d50f69173cb96d1541e4f66e34ac8b331a98f"

[[package]]
name = "js-sys"
version = "0.3.31"
source = "registry+https://github.com/rust-lang/crates.io-index"
checksum = "d8657b7ca06a6044ece477f6900bf7670f8b5fd0cce177a1d7094eef51e0adf4"
dependencies = [
 "wasm-bindgen",
]

[[package]]
name = "lalrpop-intern"
version = "0.15.1"
source = "registry+https://github.com/rust-lang/crates.io-index"
checksum = "cc4fd87be4a815fd373e02773983940f0d75fb26fde8c098e9e45f7af03154c0"

[[package]]
name = "lazy_static"
version = "1.4.0"
source = "registry+https://github.com/rust-lang/crates.io-index"
checksum = "e2abad23fbc42b3700f2f279844dc832adb2b2eb069b2df918f455c4e18cc646"

[[package]]
name = "libc"
version = "0.2.65"
source = "registry+https://github.com/rust-lang/crates.io-index"
checksum = "1a31a0627fdf1f6a39ec0dd577e101440b7db22672c0901fe00a9a6fbb5c24e8"

[[package]]
name = "lock_api"
version = "0.3.1"
source = "registry+https://github.com/rust-lang/crates.io-index"
checksum = "f8912e782533a93a167888781b836336a6ca5da6175c05944c86cf28c31104dc"
dependencies = [
 "scopeguard",
]

[[package]]
name = "log"
version = "0.4.8"
source = "registry+https://github.com/rust-lang/crates.io-index"
checksum = "14b6052be84e6b71ab17edffc2eeabf5c2c3ae1fdb464aae35ac50c67a44e1f7"
dependencies = [
 "cfg-if",
]

[[package]]
name = "maybe-uninit"
version = "2.0.0"
source = "registry+https://github.com/rust-lang/crates.io-index"
checksum = "60302e4db3a61da70c0cb7991976248362f30319e88850c487b9b95bbf059e00"

[[package]]
name = "memchr"
version = "2.2.1"
source = "registry+https://github.com/rust-lang/crates.io-index"
checksum = "88579771288728879b57485cc7d6b07d648c9f0141eb955f8ab7f9d45394468e"

[[package]]
name = "memoffset"
version = "0.5.3"
source = "registry+https://github.com/rust-lang/crates.io-index"
checksum = "75189eb85871ea5c2e2c15abbdd541185f63b408415e5051f5cac122d8c774b9"
dependencies = [
 "rustc_version",
]

[[package]]
name = "nom"
version = "4.2.3"
source = "registry+https://github.com/rust-lang/crates.io-index"
checksum = "2ad2a91a8e869eeb30b9cb3119ae87773a8f4ae617f41b1eb9c154b2905f7bd6"
dependencies = [
 "memchr",
 "version_check 0.1.5",
]

[[package]]
name = "num-traits"
version = "0.2.9"
source = "registry+https://github.com/rust-lang/crates.io-index"
checksum = "443c53b3c3531dfcbfa499d8893944db78474ad7a1d87fa2d94d1a2231693ac6"
dependencies = [
 "autocfg",
]

[[package]]
name = "num_cpus"
version = "1.11.1"
source = "registry+https://github.com/rust-lang/crates.io-index"
checksum = "76dac5ed2a876980778b8b85f75a71b6cbf0db0b1232ee12f826bccb00d09d72"
dependencies = [
 "hermit-abi",
 "libc",
]

[[package]]
name = "once_cell"
version = "1.2.0"
source = "registry+https://github.com/rust-lang/crates.io-index"
checksum = "891f486f630e5c5a4916c7e16c4b24a53e78c860b646e9f8e005e4f16847bfed"

[[package]]
name = "ordermap"
version = "0.3.5"
source = "registry+https://github.com/rust-lang/crates.io-index"
checksum = "a86ed3f5f244b372d6b1a00b72ef7f8876d0bc6a78a4c9985c53614041512063"

[[package]]
name = "parking_lot"
version = "0.9.0"
source = "registry+https://github.com/rust-lang/crates.io-index"
checksum = "f842b1982eb6c2fe34036a4fbfb06dd185a3f5c8edfaacdf7d1ea10b07de6252"
dependencies = [
 "lock_api",
 "parking_lot_core",
 "rustc_version",
]

[[package]]
name = "parking_lot_core"
version = "0.6.2"
source = "registry+https://github.com/rust-lang/crates.io-index"
checksum = "b876b1b9e7ac6e1a74a6da34d25c42e17e8862aa409cbbbdcfc8d86c6f3bc62b"
dependencies = [
 "cfg-if",
 "cloudabi",
 "libc",
 "redox_syscall",
 "rustc_version",
 "smallvec 0.6.13",
 "winapi",
]

[[package]]
name = "petgraph"
version = "0.4.13"
source = "registry+https://github.com/rust-lang/crates.io-index"
checksum = "9c3659d1ee90221741f65dd128d9998311b0e40c5d3c23a62445938214abce4f"
dependencies = [
 "fixedbitset",
 "ordermap",
]

[[package]]
name = "ppv-lite86"
version = "0.2.6"
source = "registry+https://github.com/rust-lang/crates.io-index"
checksum = "74490b50b9fbe561ac330df47c08f3f33073d2d00c150f719147d7c54522fa1b"

[[package]]
name = "proc-macro2"
version = "1.0.6"
source = "registry+https://github.com/rust-lang/crates.io-index"
checksum = "9c9e470a8dc4aeae2dee2f335e8f533e2d4b347e1434e5671afc49b054592f27"
dependencies = [
 "unicode-xid",
]

[[package]]
name = "proptest"
version = "0.9.4"
source = "registry+https://github.com/rust-lang/crates.io-index"
checksum = "cf147e022eacf0c8a054ab864914a7602618adba841d800a9a9868a5237a529f"
dependencies = [
 "bit-set",
 "bitflags",
 "byteorder",
 "lazy_static",
 "num-traits",
 "quick-error",
 "rand 0.6.5",
 "rand_chacha 0.1.1",
 "rand_xorshift",
 "regex-syntax",
]

[[package]]
name = "quick-error"
version = "1.2.2"
source = "registry+https://github.com/rust-lang/crates.io-index"
checksum = "9274b940887ce9addde99c4eee6b5c44cc494b182b97e73dc8ffdcb3397fd3f0"

[[package]]
name = "quote"
version = "1.0.2"
source = "registry+https://github.com/rust-lang/crates.io-index"
checksum = "053a8c8bcc71fcce321828dc897a98ab9760bef03a4fc36693c231e5b3216cfe"
dependencies = [
 "proc-macro2",
]

[[package]]
name = "ra_arena"
version = "0.1.0"
source = "git+https://github.com/rust-analyzer/rust-analyzer#1adc3525873d2588987f2c29143536ce952d6ab2"

[[package]]
name = "ra_assists"
version = "0.1.0"
source = "git+https://github.com/rust-analyzer/rust-analyzer#1adc3525873d2588987f2c29143536ce952d6ab2"
dependencies = [
 "format-buf",
 "itertools",
 "join_to_string",
 "ra_db",
 "ra_fmt",
 "ra_hir",
 "ra_syntax",
 "ra_text_edit",
 "rustc_lexer",
 "test_utils",
]

[[package]]
name = "ra_cfg"
version = "0.1.0"
source = "git+https://github.com/rust-analyzer/rust-analyzer#1adc3525873d2588987f2c29143536ce952d6ab2"
dependencies = [
 "ra_syntax",
 "ra_tt",
 "rustc-hash",
]

[[package]]
name = "ra_db"
version = "0.1.0"
source = "git+https://github.com/rust-analyzer/rust-analyzer#1adc3525873d2588987f2c29143536ce952d6ab2"
dependencies = [
 "ra_cfg",
 "ra_prof",
 "ra_syntax",
 "relative-path",
 "rustc-hash",
 "salsa",
 "test_utils",
]

[[package]]
name = "ra_fmt"
version = "0.1.0"
source = "git+https://github.com/rust-analyzer/rust-analyzer#1adc3525873d2588987f2c29143536ce952d6ab2"
dependencies = [
 "itertools",
 "ra_syntax",
]

[[package]]
name = "ra_hir"
version = "0.1.0"
source = "git+https://github.com/rust-analyzer/rust-analyzer#1adc3525873d2588987f2c29143536ce952d6ab2"
dependencies = [
 "arrayvec",
 "chalk-ir",
 "chalk-rust-ir",
 "chalk-solve",
 "ena",
 "lalrpop-intern",
 "log",
 "once_cell",
 "parking_lot",
 "ra_arena",
 "ra_cfg",
 "ra_db",
 "ra_hir_def",
 "ra_hir_expand",
 "ra_mbe",
 "ra_prof",
 "ra_syntax",
 "ra_tt",
 "rustc-hash",
 "test_utils",
]

[[package]]
name = "ra_hir_def"
version = "0.1.0"
source = "git+https://github.com/rust-analyzer/rust-analyzer#1adc3525873d2588987f2c29143536ce952d6ab2"
dependencies = [
 "log",
 "once_cell",
 "ra_arena",
 "ra_cfg",
 "ra_db",
 "ra_hir_expand",
 "ra_mbe",
 "ra_prof",
 "ra_syntax",
 "ra_tt",
 "rustc-hash",
 "test_utils",
]

[[package]]
name = "ra_hir_expand"
version = "0.1.0"
source = "git+https://github.com/rust-analyzer/rust-analyzer#1adc3525873d2588987f2c29143536ce952d6ab2"
dependencies = [
 "log",
 "ra_arena",
 "ra_db",
 "ra_mbe",
 "ra_parser",
 "ra_prof",
 "ra_syntax",
 "ra_tt",
]

[[package]]
name = "ra_ide_api"
version = "0.1.0"
source = "git+https://github.com/rust-analyzer/rust-analyzer#1adc3525873d2588987f2c29143536ce952d6ab2"
dependencies = [
 "format-buf",
 "fst",
 "itertools",
 "join_to_string",
 "log",
 "once_cell",
 "ra_assists",
 "ra_cfg",
 "ra_db",
 "ra_fmt",
 "ra_hir",
 "ra_prof",
 "ra_syntax",
 "ra_text_edit",
 "rand 0.7.2",
 "rayon",
 "rustc-hash",
 "superslice",
 "test_utils",
 "unicase",
]

[[package]]
name = "ra_mbe"
version = "0.1.0"
source = "git+https://github.com/rust-analyzer/rust-analyzer#1adc3525873d2588987f2c29143536ce952d6ab2"
dependencies = [
 "log",
 "ra_parser",
 "ra_syntax",
 "ra_tt",
 "rustc-hash",
 "smallvec 1.0.0",
]

[[package]]
name = "ra_parser"
version = "0.1.0"
source = "git+https://github.com/rust-analyzer/rust-analyzer#1adc3525873d2588987f2c29143536ce952d6ab2"
dependencies = [
 "drop_bomb",
]

[[package]]
name = "ra_prof"
version = "0.1.0"
source = "git+https://github.com/rust-analyzer/rust-analyzer#1adc3525873d2588987f2c29143536ce952d6ab2"
dependencies = [
 "backtrace",
 "itertools",
 "once_cell",
]

[[package]]
name = "ra_syntax"
version = "0.1.0"
source = "git+https://github.com/rust-analyzer/rust-analyzer#1adc3525873d2588987f2c29143536ce952d6ab2"
dependencies = [
 "arrayvec",
 "itertools",
 "once_cell",
 "ra_parser",
 "ra_text_edit",
 "rowan",
 "rustc-hash",
 "rustc_lexer",
 "smol_str",
]

[[package]]
name = "ra_text_edit"
version = "0.1.0"
source = "git+https://github.com/rust-analyzer/rust-analyzer#1adc3525873d2588987f2c29143536ce952d6ab2"
dependencies = [
 "proptest",
 "text_unit",
]

[[package]]
name = "ra_tt"
version = "0.1.0"
source = "git+https://github.com/rust-analyzer/rust-analyzer#1adc3525873d2588987f2c29143536ce952d6ab2"
dependencies = [
 "smol_str",
]

[[package]]
name = "rand"
version = "0.6.5"
source = "registry+https://github.com/rust-lang/crates.io-index"
checksum = "6d71dacdc3c88c1fde3885a3be3fbab9f35724e6ce99467f7d9c5026132184ca"
dependencies = [
 "autocfg",
 "libc",
 "rand_chacha 0.1.1",
 "rand_core 0.4.2",
 "rand_hc 0.1.0",
 "rand_isaac",
 "rand_jitter",
 "rand_os",
 "rand_pcg 0.1.2",
 "rand_xorshift",
 "winapi",
]

[[package]]
name = "rand"
version = "0.7.2"
source = "registry+https://github.com/rust-lang/crates.io-index"
checksum = "3ae1b169243eaf61759b8475a998f0a385e42042370f3a7dbaf35246eacc8412"
dependencies = [
 "getrandom",
 "libc",
 "rand_chacha 0.2.1",
 "rand_core 0.5.1",
 "rand_hc 0.2.0",
 "rand_pcg 0.2.1",
]

[[package]]
name = "rand_chacha"
version = "0.1.1"
source = "registry+https://github.com/rust-lang/crates.io-index"
checksum = "556d3a1ca6600bfcbab7c7c91ccb085ac7fbbcd70e008a98742e7847f4f7bcef"
dependencies = [
 "autocfg",
 "rand_core 0.3.1",
]

[[package]]
name = "rand_chacha"
version = "0.2.1"
source = "registry+https://github.com/rust-lang/crates.io-index"
checksum = "03a2a90da8c7523f554344f921aa97283eadf6ac484a6d2a7d0212fa7f8d6853"
dependencies = [
 "c2-chacha",
 "rand_core 0.5.1",
]

[[package]]
name = "rand_core"
version = "0.3.1"
source = "registry+https://github.com/rust-lang/crates.io-index"
checksum = "7a6fdeb83b075e8266dcc8762c22776f6877a63111121f5f8c7411e5be7eed4b"
dependencies = [
 "rand_core 0.4.2",
]

[[package]]
name = "rand_core"
version = "0.4.2"
source = "registry+https://github.com/rust-lang/crates.io-index"
checksum = "9c33a3c44ca05fa6f1807d8e6743f3824e8509beca625669633be0acbdf509dc"

[[package]]
name = "rand_core"
version = "0.5.1"
source = "registry+https://github.com/rust-lang/crates.io-index"
checksum = "90bde5296fc891b0cef12a6d03ddccc162ce7b2aff54160af9338f8d40df6d19"
dependencies = [
 "getrandom",
]

[[package]]
name = "rand_hc"
version = "0.1.0"
source = "registry+https://github.com/rust-lang/crates.io-index"
checksum = "7b40677c7be09ae76218dc623efbf7b18e34bced3f38883af07bb75630a21bc4"
dependencies = [
 "rand_core 0.3.1",
]

[[package]]
name = "rand_hc"
version = "0.2.0"
source = "registry+https://github.com/rust-lang/crates.io-index"
checksum = "ca3129af7b92a17112d59ad498c6f81eaf463253766b90396d39ea7a39d6613c"
dependencies = [
 "rand_core 0.5.1",
]

[[package]]
name = "rand_isaac"
version = "0.1.1"
source = "registry+https://github.com/rust-lang/crates.io-index"
checksum = "ded997c9d5f13925be2a6fd7e66bf1872597f759fd9dd93513dd7e92e5a5ee08"
dependencies = [
 "rand_core 0.3.1",
]

[[package]]
name = "rand_jitter"
version = "0.1.4"
source = "registry+https://github.com/rust-lang/crates.io-index"
checksum = "1166d5c91dc97b88d1decc3285bb0a99ed84b05cfd0bc2341bdf2d43fc41e39b"
dependencies = [
 "libc",
 "rand_core 0.4.2",
 "winapi",
]

[[package]]
name = "rand_os"
version = "0.1.3"
source = "registry+https://github.com/rust-lang/crates.io-index"
checksum = "7b75f676a1e053fc562eafbb47838d67c84801e38fc1ba459e8f180deabd5071"
dependencies = [
 "cloudabi",
 "fuchsia-cprng",
 "libc",
 "rand_core 0.4.2",
 "rdrand",
 "winapi",
]

[[package]]
name = "rand_pcg"
version = "0.1.2"
source = "registry+https://github.com/rust-lang/crates.io-index"
checksum = "abf9b09b01790cfe0364f52bf32995ea3c39f4d2dd011eac241d2914146d0b44"
dependencies = [
 "autocfg",
 "rand_core 0.4.2",
]

[[package]]
name = "rand_pcg"
version = "0.2.1"
source = "registry+https://github.com/rust-lang/crates.io-index"
checksum = "16abd0c1b639e9eb4d7c50c0b8100b0d0f849be2349829c740fe8e6eb4816429"
dependencies = [
 "rand_core 0.5.1",
]

[[package]]
name = "rand_xorshift"
version = "0.1.1"
source = "registry+https://github.com/rust-lang/crates.io-index"
checksum = "cbf7e9e623549b0e21f6e97cf8ecf247c1a8fd2e8a992ae265314300b2455d5c"
dependencies = [
 "rand_core 0.3.1",
]

[[package]]
name = "rayon"
version = "1.2.0"
source = "registry+https://github.com/rust-lang/crates.io-index"
checksum = "83a27732a533a1be0a0035a111fe76db89ad312f6f0347004c220c57f209a123"
dependencies = [
 "crossbeam-deque",
 "either",
 "rayon-core",
]

[[package]]
name = "rayon-core"
version = "1.6.0"
source = "registry+https://github.com/rust-lang/crates.io-index"
checksum = "98dcf634205083b17d0861252431eb2acbfb698ab7478a2d20de07954f47ec7b"
dependencies = [
 "crossbeam-deque",
 "crossbeam-queue 0.1.2",
 "crossbeam-utils 0.6.6",
 "lazy_static",
 "num_cpus",
]

[[package]]
name = "rdrand"
version = "0.4.0"
source = "registry+https://github.com/rust-lang/crates.io-index"
checksum = "678054eb77286b51581ba43620cc911abf02758c91f93f479767aed0f90458b2"
dependencies = [
 "rand_core 0.3.1",
]

[[package]]
name = "redox_syscall"
version = "0.1.56"
source = "registry+https://github.com/rust-lang/crates.io-index"
checksum = "2439c63f3f6139d1b57529d16bc3b8bb855230c8efcc5d3a896c8bea7c3b1e84"

[[package]]
name = "regex-syntax"
version = "0.6.12"
source = "registry+https://github.com/rust-lang/crates.io-index"
checksum = "11a7e20d1cce64ef2fed88b66d347f88bd9babb82845b2b858f3edbf59a4f716"

[[package]]
name = "relative-path"
version = "1.0.0"
source = "registry+https://github.com/rust-lang/crates.io-index"
checksum = "bedde000f40f2921ce439ea165c9c53fd629bfa115140c72e22aceacb4a21954"

[[package]]
name = "rowan"
version = "0.6.2"
source = "registry+https://github.com/rust-lang/crates.io-index"
checksum = "dc2b79612dedc9004083a61448eb669d336d56690aab29fbd7249e8c8ab41d8c"
dependencies = [
 "rustc-hash",
 "smol_str",
 "text_unit",
]

[[package]]
name = "rustc-demangle"
version = "0.1.16"
source = "registry+https://github.com/rust-lang/crates.io-index"
checksum = "4c691c0e608126e00913e33f0ccf3727d5fc84573623b8d65b2df340b5201783"

[[package]]
name = "rustc-hash"
version = "1.0.1"
source = "registry+https://github.com/rust-lang/crates.io-index"
checksum = "7540fc8b0c49f096ee9c961cda096467dce8084bec6bdca2fc83895fd9b28cb8"
dependencies = [
 "byteorder",
]

[[package]]
name = "rustc_lexer"
version = "0.1.0"
source = "registry+https://github.com/rust-lang/crates.io-index"
checksum = "c86aae0c77166108c01305ee1a36a1e77289d7dc6ca0a3cd91ff4992de2d16a5"
dependencies = [
 "unicode-xid",
]

[[package]]
name = "rustc_version"
version = "0.2.3"
source = "registry+https://github.com/rust-lang/crates.io-index"
checksum = "138e3e0acb6c9fb258b19b67cb8abd63c00679d2851805ea151465464fe9030a"
dependencies = [
 "semver",
]

[[package]]
name = "ryu"
version = "1.0.2"
source = "registry+https://github.com/rust-lang/crates.io-index"
checksum = "bfa8506c1de11c9c4e4c38863ccbe02a305c8188e85a05a784c9e11e1c3910c8"

[[package]]
name = "salsa"
version = "0.13.2"
source = "registry+https://github.com/rust-lang/crates.io-index"
checksum = "ec0865bdd9d8e614686a0cbb76979c735810131d287eb1683e91e4e64a58c387"
dependencies = [
 "crossbeam",
 "derive-new",
 "indexmap",
 "log",
 "parking_lot",
 "rand 0.7.2",
 "rustc-hash",
 "salsa-macros",
 "smallvec 0.6.13",
]

[[package]]
name = "salsa-macros"
version = "0.13.2"
source = "registry+https://github.com/rust-lang/crates.io-index"
checksum = "cac182212d3a1db75ddc42399ff1461b258a694b8318ee7e0baf6c976e39efee"
dependencies = [
 "heck",
 "proc-macro2",
 "quote",
 "syn",
]

[[package]]
name = "scopeguard"
version = "1.0.0"
source = "registry+https://github.com/rust-lang/crates.io-index"
checksum = "b42e15e59b18a828bbf5c58ea01debb36b9b096346de35d941dcb89009f24a0d"

[[package]]
name = "semver"
version = "0.9.0"
source = "registry+https://github.com/rust-lang/crates.io-index"
checksum = "1d7eb9ef2c18661902cc47e535f9bc51b78acd254da71d375c2f6720d9a40403"
dependencies = [
 "semver-parser",
]

[[package]]
name = "semver-parser"
version = "0.7.0"
source = "registry+https://github.com/rust-lang/crates.io-index"
checksum = "388a1df253eca08550bef6c72392cfe7c30914bf41df5269b68cbd6ff8f570a3"

[[package]]
name = "serde"
version = "1.0.102"
source = "registry+https://github.com/rust-lang/crates.io-index"
checksum = "0c4b39bd9b0b087684013a792c59e3e07a46a01d2322518d8a1104641a0b1be0"
dependencies = [
 "serde_derive",
]

[[package]]
name = "serde-wasm-bindgen"
version = "0.1.3"
source = "registry+https://github.com/rust-lang/crates.io-index"
checksum = "7ee6f12f7ed0e7ad2e55200da37dbabc2cadeb942355c5b629aa3771f5ac5636"
dependencies = [
 "fnv",
 "js-sys",
 "serde",
 "wasm-bindgen",
]

[[package]]
name = "serde_derive"
version = "1.0.102"
source = "registry+https://github.com/rust-lang/crates.io-index"
checksum = "ca13fc1a832f793322228923fbb3aba9f3f44444898f835d31ad1b74fa0a2bf8"
dependencies = [
 "proc-macro2",
 "quote",
 "syn",
]

[[package]]
name = "serde_json"
version = "1.0.41"
source = "registry+https://github.com/rust-lang/crates.io-index"
checksum = "2f72eb2a68a7dc3f9a691bfda9305a1c017a6215e5a4545c258500d2099a37c2"
dependencies = [
 "itoa",
 "ryu",
 "serde",
]

[[package]]
name = "serde_repr"
version = "0.1.5"
source = "registry+https://github.com/rust-lang/crates.io-index"
checksum = "cd02c7587ec314570041b2754829f84d873ced14a96d1fd1823531e11db40573"
dependencies = [
 "proc-macro2",
 "quote",
 "syn",
]

[[package]]
name = "smallvec"
version = "0.6.13"
source = "registry+https://github.com/rust-lang/crates.io-index"
checksum = "f7b0758c52e15a8b5e3691eae6cc559f08eee9406e548a4477ba4e67770a82b6"
dependencies = [
 "maybe-uninit",
]

[[package]]
name = "smallvec"
version = "1.0.0"
source = "registry+https://github.com/rust-lang/crates.io-index"
checksum = "4ecf3b85f68e8abaa7555aa5abdb1153079387e60b718283d732f03897fcfc86"

[[package]]
name = "smol_str"
version = "0.1.15"
source = "registry+https://github.com/rust-lang/crates.io-index"
checksum = "34836c9a295c62c2ce3514471117c5cb269891e8421b2aafdd910050576c4d8b"
dependencies = [
 "serde",
]

[[package]]
name = "sourcefile"
version = "0.1.4"
source = "registry+https://github.com/rust-lang/crates.io-index"
checksum = "4bf77cb82ba8453b42b6ae1d692e4cdc92f9a47beaf89a847c8be83f4e328ad3"

[[package]]
name = "stacker"
version = "0.1.5"
source = "registry+https://github.com/rust-lang/crates.io-index"
checksum = "fb79482f57cf598af52094ec4cc3b3c42499d3ce5bd426f2ac41515b7e57404b"
dependencies = [
 "cc",
 "cfg-if",
 "libc",
 "winapi",
]

[[package]]
name = "superslice"
version = "1.0.0"
source = "registry+https://github.com/rust-lang/crates.io-index"
checksum = "ab16ced94dbd8a46c82fd81e3ed9a8727dac2977ea869d217bcc4ea1f122e81f"

[[package]]
name = "syn"
version = "1.0.8"
source = "registry+https://github.com/rust-lang/crates.io-index"
checksum = "661641ea2aa15845cddeb97dad000d22070bb5c1fb456b96c1cba883ec691e92"
dependencies = [
 "proc-macro2",
 "quote",
 "unicode-xid",
]

[[package]]
name = "test_utils"
version = "0.1.0"
source = "git+https://github.com/rust-analyzer/rust-analyzer#1adc3525873d2588987f2c29143536ce952d6ab2"
dependencies = [
 "difference",
 "serde_json",
 "text_unit",
]

[[package]]
name = "text_unit"
version = "0.1.9"
source = "registry+https://github.com/rust-lang/crates.io-index"
checksum = "e08bbcb7a3adbda0eb23431206b653bdad3d8dea311e72d36bf2215e27a42579"

[[package]]
name = "unicase"
version = "2.6.0"
source = "registry+https://github.com/rust-lang/crates.io-index"
checksum = "50f37be617794602aabbeee0be4f259dc1778fabe05e2d67ee8f79326d5cb4f6"
dependencies = [
 "version_check 0.9.1",
]

[[package]]
name = "unicode-segmentation"
version = "1.6.0"
source = "registry+https://github.com/rust-lang/crates.io-index"
checksum = "e83e153d1053cbb5a118eeff7fd5be06ed99153f00dbcd8ae310c5fb2b22edc0"

[[package]]
name = "unicode-xid"
version = "0.2.0"
source = "registry+https://github.com/rust-lang/crates.io-index"
checksum = "826e7639553986605ec5979c7dd957c7895e93eabed50ab2ffa7f6128a75097c"

[[package]]
name = "version_check"
version = "0.1.5"
source = "registry+https://github.com/rust-lang/crates.io-index"
checksum = "914b1a6776c4c929a602fafd8bc742e06365d4bcbe48c30f9cca5824f70dc9dd"

[[package]]
name = "version_check"
version = "0.9.1"
source = "registry+https://github.com/rust-lang/crates.io-index"
checksum = "078775d0255232fb988e6fccf26ddc9d1ac274299aaedcedce21c6f72cc533ce"

[[package]]
name = "wasi"
version = "0.7.0"
source = "registry+https://github.com/rust-lang/crates.io-index"
checksum = "b89c3ce4ce14bdc6fb6beaf9ec7928ca331de5df7e5ea278375642a2f478570d"

[[package]]
name = "wasm-bindgen"
version = "0.2.54"
source = "registry+https://github.com/rust-lang/crates.io-index"
checksum = "c4568ae1b4e07ca907b1a4de41174eaa3e5be4066c024475586b7842725f69a9"
dependencies = [
 "cfg-if",
 "wasm-bindgen-macro",
]

[[package]]
name = "wasm-bindgen-backend"
version = "0.2.54"
source = "registry+https://github.com/rust-lang/crates.io-index"
checksum = "5a00cfdce37367770062065fd3abb9278cbae86a0d918cacd0978a7acd51b481"
dependencies = [
 "bumpalo",
 "lazy_static",
 "log",
 "proc-macro2",
 "quote",
 "syn",
 "wasm-bindgen-shared",
]

[[package]]
name = "wasm-bindgen-macro"
version = "0.2.54"
source = "registry+https://github.com/rust-lang/crates.io-index"
checksum = "7c568f4d3cf6d7c1d72b165daf778fb0d6e09a24f96ac14fc8c4f66a96e86b72"
dependencies = [
 "quote",
 "wasm-bindgen-macro-support",
]

[[package]]
name = "wasm-bindgen-macro-support"
version = "0.2.54"
source = "registry+https://github.com/rust-lang/crates.io-index"
checksum = "430d12539ae324d16097b399e9d07a6d5ce0173b2a61a2d02346ca7c198daffe"
dependencies = [
 "proc-macro2",
 "quote",
 "syn",
 "wasm-bindgen-backend",
 "wasm-bindgen-shared",
]

[[package]]
name = "wasm-bindgen-shared"
version = "0.2.54"
source = "registry+https://github.com/rust-lang/crates.io-index"
checksum = "8ae7167f0bbffd7fac2b12da0fa1f834c1d84671a1ae3c93ac8bde2e97179c39"

[[package]]
name = "wasm-bindgen-webidl"
version = "0.2.54"
source = "registry+https://github.com/rust-lang/crates.io-index"
checksum = "3021567c515a746a64ad0b269d120d46e687c0c95702a4750623db935ae6b5e7"
dependencies = [
 "anyhow",
 "heck",
 "log",
 "proc-macro2",
 "quote",
 "syn",
 "wasm-bindgen-backend",
 "weedle",
]

[[package]]
name = "wasm_analyzer"
version = "0.1.0"
dependencies = [
 "console_error_panic_hook",
 "console_log",
 "log",
 "ra_ide_api",
 "ra_syntax",
 "ra_text_edit",
 "serde",
 "serde-wasm-bindgen",
 "serde_repr",
 "stacker",
 "wasm-bindgen",
]

[[package]]
name = "web-sys"
version = "0.3.31"
source = "registry+https://github.com/rust-lang/crates.io-index"
checksum = "ce8e893e021539beb87de8f06e77bdb390a3ab0db4cfeb569c4e377b55ed20de"
dependencies = [
 "anyhow",
 "js-sys",
 "sourcefile",
 "wasm-bindgen",
 "wasm-bindgen-webidl",
]

[[package]]
name = "weedle"
version = "0.10.0"
source = "registry+https://github.com/rust-lang/crates.io-index"
checksum = "3bb43f70885151e629e2a19ce9e50bd730fd436cfd4b666894c9ce4de9141164"
dependencies = [
 "nom",
]

[[package]]
name = "winapi"
version = "0.3.8"
source = "registry+https://github.com/rust-lang/crates.io-index"
checksum = "8093091eeb260906a183e6ae1abdba2ef5ef2257a21801128899c3fc699229c6"
dependencies = [
 "winapi-i686-pc-windows-gnu",
 "winapi-x86_64-pc-windows-gnu",
]

[[package]]
name = "winapi-i686-pc-windows-gnu"
version = "0.4.0"
source = "registry+https://github.com/rust-lang/crates.io-index"
checksum = "ac3b87c63620426dd9b991e5ce0329eff545bccbbb34f3be09ff6fb6ab51b7b6"

[[package]]
name = "winapi-x86_64-pc-windows-gnu"
version = "0.4.0"
source = "registry+https://github.com/rust-lang/crates.io-index"
checksum = "712e227841d057c1ee1cd2fb22fa7e5a5461ae8e48fa2ca79ec42cfc1931183f"
